// !$*UTF8*$!
{
	archiveVersion = 1;
	classes = {
	};
	objectVersion = 50;
	objects = {

/* Begin PBXBuildFile section */
		2419EDF824C0EEC900BF0174 /* AppDelegate.swift in Sources */ = {isa = PBXBuildFile; fileRef = 2419EDF724C0EEC900BF0174 /* AppDelegate.swift */; };
		2419EDFA24C0EEC900BF0174 /* SceneDelegate.swift in Sources */ = {isa = PBXBuildFile; fileRef = 2419EDF924C0EEC900BF0174 /* SceneDelegate.swift */; };
		2419EDFC24C0EEC900BF0174 /* EmptyViewController.swift in Sources */ = {isa = PBXBuildFile; fileRef = 2419EDFB24C0EEC900BF0174 /* EmptyViewController.swift */; };
		2419EE0224C0EEC900BF0174 /* DecadeOfMovies.xcdatamodeld in Sources */ = {isa = PBXBuildFile; fileRef = 2419EE0024C0EEC900BF0174 /* DecadeOfMovies.xcdatamodeld */; };
		2419EE0424C0EECB00BF0174 /* Assets.xcassets in Resources */ = {isa = PBXBuildFile; fileRef = 2419EE0324C0EECB00BF0174 /* Assets.xcassets */; };
		2419EE0724C0EECB00BF0174 /* LaunchScreen.storyboard in Resources */ = {isa = PBXBuildFile; fileRef = 2419EE0524C0EECB00BF0174 /* LaunchScreen.storyboard */; };
		2419EE2C24C0F1F100BF0174 /* UIWindow+Setup.swift in Sources */ = {isa = PBXBuildFile; fileRef = 2419EE2B24C0F1F100BF0174 /* UIWindow+Setup.swift */; };
		2419EE2F24C0F72B00BF0174 /* MasterDetailViewController.swift in Sources */ = {isa = PBXBuildFile; fileRef = 2419EE2E24C0F72B00BF0174 /* MasterDetailViewController.swift */; };
		2475E01824C30E45007137DC /* UIViewController+Alerts.swift in Sources */ = {isa = PBXBuildFile; fileRef = 2475E01724C30E45007137DC /* UIViewController+Alerts.swift */; };
		2475E01A24C32544007137DC /* MovieViewController.swift in Sources */ = {isa = PBXBuildFile; fileRef = 2475E01924C32544007137DC /* MovieViewController.swift */; };
		2475E01C24C32550007137DC /* MovieView.swift in Sources */ = {isa = PBXBuildFile; fileRef = 2475E01B24C32550007137DC /* MovieView.swift */; };
		2475E01F24C328CA007137DC /* LegacyLayoutGuide.swift in Sources */ = {isa = PBXBuildFile; fileRef = 2475E01E24C328CA007137DC /* LegacyLayoutGuide.swift */; };
		2475E02124C32D0B007137DC /* TextsTableViewController.swift in Sources */ = {isa = PBXBuildFile; fileRef = 2475E02024C32D0B007137DC /* TextsTableViewController.swift */; };
		24984C3A24C2DEA40046B7A5 /* Movie.swift in Sources */ = {isa = PBXBuildFile; fileRef = 24984C3924C2DEA40046B7A5 /* Movie.swift */; };
		24984C3D24C2E6760046B7A5 /* MoviesStoreTests.swift in Sources */ = {isa = PBXBuildFile; fileRef = 24984C3C24C2E6760046B7A5 /* MoviesStoreTests.swift */; };
		24984C4024C2EA7A0046B7A5 /* MoviesStore+TestHelpers.swift in Sources */ = {isa = PBXBuildFile; fileRef = 24984C3F24C2EA7A0046B7A5 /* MoviesStore+TestHelpers.swift */; };
		24A43A4F24C2DA4300B26DEF /* movies.json in Resources */ = {isa = PBXBuildFile; fileRef = 24A43A4E24C2DA4300B26DEF /* movies.json */; };
		24A43A5124C2DA5E00B26DEF /* MoviesTableViewController.swift in Sources */ = {isa = PBXBuildFile; fileRef = 24A43A5024C2DA5E00B26DEF /* MoviesTableViewController.swift */; };
		24A43A5424C2DA9A00B26DEF /* MoviesStore.swift in Sources */ = {isa = PBXBuildFile; fileRef = 24A43A5324C2DA9A00B26DEF /* MoviesStore.swift */; };
		24CE5B0224C2F1C000DFB59F /* MoviesStore.swift in Sources */ = {isa = PBXBuildFile; fileRef = 24A43A5324C2DA9A00B26DEF /* MoviesStore.swift */; };
		24CE5B0324C2F1C500DFB59F /* DecadeOfMovies.xcdatamodeld in Sources */ = {isa = PBXBuildFile; fileRef = 2419EE0024C0EEC900BF0174 /* DecadeOfMovies.xcdatamodeld */; };
		24CE5B0424C2F1DF00DFB59F /* Movie.swift in Sources */ = {isa = PBXBuildFile; fileRef = 24984C3924C2DEA40046B7A5 /* Movie.swift */; };
		24CE5B0524C2F1FC00DFB59F /* movies.json in Resources */ = {isa = PBXBuildFile; fileRef = 24A43A4E24C2DA4300B26DEF /* movies.json */; };
		24CE5B0724C2FA6600DFB59F /* MoviesStoreError.swift in Sources */ = {isa = PBXBuildFile; fileRef = 24CE5B0624C2FA6600DFB59F /* MoviesStoreError.swift */; };
		24CE5B0824C2FAF200DFB59F /* MoviesStoreError.swift in Sources */ = {isa = PBXBuildFile; fileRef = 24CE5B0624C2FA6600DFB59F /* MoviesStoreError.swift */; };
		24FEB3C824C3037F003A96A9 /* DecadeOfMoviesUITests.swift in Sources */ = {isa = PBXBuildFile; fileRef = 24FEB3C724C3037F003A96A9 /* DecadeOfMoviesUITests.swift */; };
/* End PBXBuildFile section */

/* Begin PBXContainerItemProxy section */
		24FEB3CA24C3037F003A96A9 /* PBXContainerItemProxy */ = {
			isa = PBXContainerItemProxy;
			containerPortal = 2419EDEC24C0EEC900BF0174 /* Project object */;
			proxyType = 1;
			remoteGlobalIDString = 2419EDF324C0EEC900BF0174;
			remoteInfo = DecadeOfMovies;
		};
/* End PBXContainerItemProxy section */

/* Begin PBXFileReference section */
		2419EDF424C0EEC900BF0174 /* DecadeOfMovies.app */ = {isa = PBXFileReference; explicitFileType = wrapper.application; includeInIndex = 0; path = DecadeOfMovies.app; sourceTree = BUILT_PRODUCTS_DIR; };
		2419EDF724C0EEC900BF0174 /* AppDelegate.swift */ = {isa = PBXFileReference; lastKnownFileType = sourcecode.swift; path = AppDelegate.swift; sourceTree = "<group>"; };
		2419EDF924C0EEC900BF0174 /* SceneDelegate.swift */ = {isa = PBXFileReference; lastKnownFileType = sourcecode.swift; path = SceneDelegate.swift; sourceTree = "<group>"; };
		2419EDFB24C0EEC900BF0174 /* EmptyViewController.swift */ = {isa = PBXFileReference; lastKnownFileType = sourcecode.swift; path = EmptyViewController.swift; sourceTree = "<group>"; };
		2419EE0124C0EEC900BF0174 /* DecadeOfMovies.xcdatamodel */ = {isa = PBXFileReference; lastKnownFileType = wrapper.xcdatamodel; path = DecadeOfMovies.xcdatamodel; sourceTree = "<group>"; };
		2419EE0324C0EECB00BF0174 /* Assets.xcassets */ = {isa = PBXFileReference; lastKnownFileType = folder.assetcatalog; path = Assets.xcassets; sourceTree = "<group>"; };
		2419EE0624C0EECB00BF0174 /* Base */ = {isa = PBXFileReference; lastKnownFileType = file.storyboard; name = Base; path = Base.lproj/LaunchScreen.storyboard; sourceTree = "<group>"; };
		2419EE0824C0EECB00BF0174 /* Info.plist */ = {isa = PBXFileReference; lastKnownFileType = text.plist.xml; path = Info.plist; sourceTree = "<group>"; };
		2419EE0D24C0EECB00BF0174 /* DecadeOfMoviesTests.xctest */ = {isa = PBXFileReference; explicitFileType = wrapper.cfbundle; includeInIndex = 0; path = DecadeOfMoviesTests.xctest; sourceTree = BUILT_PRODUCTS_DIR; };
		2419EE1324C0EECB00BF0174 /* Info.plist */ = {isa = PBXFileReference; lastKnownFileType = text.plist.xml; path = Info.plist; sourceTree = "<group>"; };
		2419EE2B24C0F1F100BF0174 /* UIWindow+Setup.swift */ = {isa = PBXFileReference; lastKnownFileType = sourcecode.swift; path = "UIWindow+Setup.swift"; sourceTree = "<group>"; };
		2419EE2E24C0F72B00BF0174 /* MasterDetailViewController.swift */ = {isa = PBXFileReference; lastKnownFileType = sourcecode.swift; path = MasterDetailViewController.swift; sourceTree = "<group>"; };
		2475E01724C30E45007137DC /* UIViewController+Alerts.swift */ = {isa = PBXFileReference; lastKnownFileType = sourcecode.swift; path = "UIViewController+Alerts.swift"; sourceTree = "<group>"; };
		2475E01924C32544007137DC /* MovieViewController.swift */ = {isa = PBXFileReference; lastKnownFileType = sourcecode.swift; path = MovieViewController.swift; sourceTree = "<group>"; };
		2475E01B24C32550007137DC /* MovieView.swift */ = {isa = PBXFileReference; lastKnownFileType = sourcecode.swift; path = MovieView.swift; sourceTree = "<group>"; };
		2475E01E24C328CA007137DC /* LegacyLayoutGuide.swift */ = {isa = PBXFileReference; lastKnownFileType = sourcecode.swift; path = LegacyLayoutGuide.swift; sourceTree = "<group>"; };
		2475E02024C32D0B007137DC /* TextsTableViewController.swift */ = {isa = PBXFileReference; lastKnownFileType = sourcecode.swift; path = TextsTableViewController.swift; sourceTree = "<group>"; };
		24984C3924C2DEA40046B7A5 /* Movie.swift */ = {isa = PBXFileReference; lastKnownFileType = sourcecode.swift; path = Movie.swift; sourceTree = "<group>"; };
		24984C3B24C2E6760046B7A5 /* DecadeOfMoviesTests-Bridging-Header.h */ = {isa = PBXFileReference; lastKnownFileType = sourcecode.c.h; path = "DecadeOfMoviesTests-Bridging-Header.h"; sourceTree = "<group>"; };
		24984C3C24C2E6760046B7A5 /* MoviesStoreTests.swift */ = {isa = PBXFileReference; lastKnownFileType = sourcecode.swift; path = MoviesStoreTests.swift; sourceTree = "<group>"; };
		24984C3F24C2EA7A0046B7A5 /* MoviesStore+TestHelpers.swift */ = {isa = PBXFileReference; lastKnownFileType = sourcecode.swift; path = "MoviesStore+TestHelpers.swift"; sourceTree = "<group>"; };
		24A43A4E24C2DA4300B26DEF /* movies.json */ = {isa = PBXFileReference; fileEncoding = 4; lastKnownFileType = text.json; path = movies.json; sourceTree = "<group>"; };
		24A43A5024C2DA5E00B26DEF /* MoviesTableViewController.swift */ = {isa = PBXFileReference; lastKnownFileType = sourcecode.swift; path = MoviesTableViewController.swift; sourceTree = "<group>"; };
		24A43A5324C2DA9A00B26DEF /* MoviesStore.swift */ = {isa = PBXFileReference; lastKnownFileType = sourcecode.swift; path = MoviesStore.swift; sourceTree = "<group>"; };
		24CE5B0624C2FA6600DFB59F /* MoviesStoreError.swift */ = {isa = PBXFileReference; lastKnownFileType = sourcecode.swift; path = MoviesStoreError.swift; sourceTree = "<group>"; };
		24FEB3C524C3037F003A96A9 /* DecadeOfMoviesUITests.xctest */ = {isa = PBXFileReference; explicitFileType = wrapper.cfbundle; includeInIndex = 0; path = DecadeOfMoviesUITests.xctest; sourceTree = BUILT_PRODUCTS_DIR; };
		24FEB3C724C3037F003A96A9 /* DecadeOfMoviesUITests.swift */ = {isa = PBXFileReference; lastKnownFileType = sourcecode.swift; path = DecadeOfMoviesUITests.swift; sourceTree = "<group>"; };
		24FEB3C924C3037F003A96A9 /* Info.plist */ = {isa = PBXFileReference; lastKnownFileType = text.plist.xml; path = Info.plist; sourceTree = "<group>"; };
/* End PBXFileReference section */

/* Begin PBXFrameworksBuildPhase section */
		2419EDF124C0EEC900BF0174 /* Frameworks */ = {
			isa = PBXFrameworksBuildPhase;
			buildActionMask = 2147483647;
			files = (
			);
			runOnlyForDeploymentPostprocessing = 0;
		};
		2419EE0A24C0EECB00BF0174 /* Frameworks */ = {
			isa = PBXFrameworksBuildPhase;
			buildActionMask = 2147483647;
			files = (
			);
			runOnlyForDeploymentPostprocessing = 0;
		};
		24FEB3C224C3037F003A96A9 /* Frameworks */ = {
			isa = PBXFrameworksBuildPhase;
			buildActionMask = 2147483647;
			files = (
			);
			runOnlyForDeploymentPostprocessing = 0;
		};
/* End PBXFrameworksBuildPhase section */

/* Begin PBXGroup section */
		2419EDEB24C0EEC900BF0174 = {
			isa = PBXGroup;
			children = (
				2419EDF624C0EEC900BF0174 /* DecadeOfMovies */,
				2419EE1024C0EECB00BF0174 /* DecadeOfMoviesTests */,
				24FEB3C624C3037F003A96A9 /* DecadeOfMoviesUITests */,
				2419EDF524C0EEC900BF0174 /* Products */,
			);
			sourceTree = "<group>";
		};
		2419EDF524C0EEC900BF0174 /* Products */ = {
			isa = PBXGroup;
			children = (
				2419EDF424C0EEC900BF0174 /* DecadeOfMovies.app */,
				2419EE0D24C0EECB00BF0174 /* DecadeOfMoviesTests.xctest */,
				24FEB3C524C3037F003A96A9 /* DecadeOfMoviesUITests.xctest */,
			);
			name = Products;
			sourceTree = "<group>";
		};
		2419EDF624C0EEC900BF0174 /* DecadeOfMovies */ = {
			isa = PBXGroup;
			children = (
				2419EDF724C0EEC900BF0174 /* AppDelegate.swift */,
				2419EDF924C0EEC900BF0174 /* SceneDelegate.swift */,
				2419EE2D24C0F70300BF0174 /* ViewControllers */,
				2475E01D24C3256F007137DC /* Views */,
				24A43A5224C2DA8600B26DEF /* Storage */,
				2419EE2A24C0F1D000BF0174 /* Helpers */,
				24984C3824C2DE8E0046B7A5 /* Models */,
				24A43A4D24C2DA1C00B26DEF /* Resources */,
				2419EE0324C0EECB00BF0174 /* Assets.xcassets */,
				2419EE0524C0EECB00BF0174 /* LaunchScreen.storyboard */,
				2419EE0824C0EECB00BF0174 /* Info.plist */,
				2419EE0024C0EEC900BF0174 /* DecadeOfMovies.xcdatamodeld */,
			);
			path = DecadeOfMovies;
			sourceTree = "<group>";
		};
		2419EE1024C0EECB00BF0174 /* DecadeOfMoviesTests */ = {
			isa = PBXGroup;
			children = (
				24984C3C24C2E6760046B7A5 /* MoviesStoreTests.swift */,
				24984C3E24C2EA540046B7A5 /* Helpers */,
				2419EE1324C0EECB00BF0174 /* Info.plist */,
				24984C3B24C2E6760046B7A5 /* DecadeOfMoviesTests-Bridging-Header.h */,
			);
			path = DecadeOfMoviesTests;
			sourceTree = "<group>";
		};
		2419EE2A24C0F1D000BF0174 /* Helpers */ = {
			isa = PBXGroup;
			children = (
				2419EE2B24C0F1F100BF0174 /* UIWindow+Setup.swift */,
				2475E01724C30E45007137DC /* UIViewController+Alerts.swift */,
				2475E01E24C328CA007137DC /* LegacyLayoutGuide.swift */,
			);
			path = Helpers;
			sourceTree = "<group>";
		};
		2419EE2D24C0F70300BF0174 /* ViewControllers */ = {
			isa = PBXGroup;
			children = (
				2419EE2E24C0F72B00BF0174 /* MasterDetailViewController.swift */,
				24A43A5024C2DA5E00B26DEF /* MoviesTableViewController.swift */,
				2419EDFB24C0EEC900BF0174 /* EmptyViewController.swift */,
				2475E01924C32544007137DC /* MovieViewController.swift */,
				2475E02024C32D0B007137DC /* TextsTableViewController.swift */,
			);
			path = ViewControllers;
			sourceTree = "<group>";
		};
		2475E01D24C3256F007137DC /* Views */ = {
			isa = PBXGroup;
			children = (
				2475E01B24C32550007137DC /* MovieView.swift */,
			);
			path = Views;
			sourceTree = "<group>";
		};
		24984C3824C2DE8E0046B7A5 /* Models */ = {
			isa = PBXGroup;
			children = (
				24984C3924C2DEA40046B7A5 /* Movie.swift */,
			);
			path = Models;
			sourceTree = "<group>";
		};
		24984C3E24C2EA540046B7A5 /* Helpers */ = {
			isa = PBXGroup;
			children = (
				24984C3F24C2EA7A0046B7A5 /* MoviesStore+TestHelpers.swift */,
			);
			path = Helpers;
			sourceTree = "<group>";
		};
		24A43A4D24C2DA1C00B26DEF /* Resources */ = {
			isa = PBXGroup;
			children = (
				24A43A4E24C2DA4300B26DEF /* movies.json */,
			);
			path = Resources;
			sourceTree = "<group>";
		};
		24A43A5224C2DA8600B26DEF /* Storage */ = {
			isa = PBXGroup;
			children = (
				24A43A5324C2DA9A00B26DEF /* MoviesStore.swift */,
				24CE5B0624C2FA6600DFB59F /* MoviesStoreError.swift */,
			);
			path = Storage;
			sourceTree = "<group>";
		};
		24FEB3C624C3037F003A96A9 /* DecadeOfMoviesUITests */ = {
			isa = PBXGroup;
			children = (
				24FEB3C724C3037F003A96A9 /* DecadeOfMoviesUITests.swift */,
				24FEB3C924C3037F003A96A9 /* Info.plist */,
			);
			path = DecadeOfMoviesUITests;
			sourceTree = "<group>";
		};
/* End PBXGroup section */

/* Begin PBXNativeTarget section */
		2419EDF324C0EEC900BF0174 /* DecadeOfMovies */ = {
			isa = PBXNativeTarget;
			buildConfigurationList = 2419EE2124C0EECB00BF0174 /* Build configuration list for PBXNativeTarget "DecadeOfMovies" */;
			buildPhases = (
				2419EDF024C0EEC900BF0174 /* Sources */,
				2419EDF124C0EEC900BF0174 /* Frameworks */,
				2419EDF224C0EEC900BF0174 /* Resources */,
			);
			buildRules = (
			);
			dependencies = (
			);
			name = DecadeOfMovies;
			productName = DecadeOfMovies;
			productReference = 2419EDF424C0EEC900BF0174 /* DecadeOfMovies.app */;
			productType = "com.apple.product-type.application";
		};
		2419EE0C24C0EECB00BF0174 /* DecadeOfMoviesTests */ = {
			isa = PBXNativeTarget;
			buildConfigurationList = 2419EE2424C0EECB00BF0174 /* Build configuration list for PBXNativeTarget "DecadeOfMoviesTests" */;
			buildPhases = (
				2419EE0924C0EECB00BF0174 /* Sources */,
				2419EE0A24C0EECB00BF0174 /* Frameworks */,
				2419EE0B24C0EECB00BF0174 /* Resources */,
			);
			buildRules = (
			);
			dependencies = (
			);
			name = DecadeOfMoviesTests;
			productName = DecadeOfMoviesTests;
			productReference = 2419EE0D24C0EECB00BF0174 /* DecadeOfMoviesTests.xctest */;
			productType = "com.apple.product-type.bundle.unit-test";
		};
		24FEB3C424C3037F003A96A9 /* DecadeOfMoviesUITests */ = {
			isa = PBXNativeTarget;
			buildConfigurationList = 24FEB3CC24C3037F003A96A9 /* Build configuration list for PBXNativeTarget "DecadeOfMoviesUITests" */;
			buildPhases = (
				24FEB3C124C3037F003A96A9 /* Sources */,
				24FEB3C224C3037F003A96A9 /* Frameworks */,
				24FEB3C324C3037F003A96A9 /* Resources */,
			);
			buildRules = (
			);
			dependencies = (
				24FEB3CB24C3037F003A96A9 /* PBXTargetDependency */,
			);
			name = DecadeOfMoviesUITests;
			productName = DecadeOfMoviesUITests;
			productReference = 24FEB3C524C3037F003A96A9 /* DecadeOfMoviesUITests.xctest */;
			productType = "com.apple.product-type.bundle.ui-testing";
		};
/* End PBXNativeTarget section */

/* Begin PBXProject section */
		2419EDEC24C0EEC900BF0174 /* Project object */ = {
			isa = PBXProject;
			attributes = {
				LastSwiftUpdateCheck = 1150;
				LastUpgradeCheck = 1150;
				ORGANIZATIONNAME = yousefahmza;
				TargetAttributes = {
					2419EDF324C0EEC900BF0174 = {
						CreatedOnToolsVersion = 11.5;
					};
					2419EE0C24C0EECB00BF0174 = {
						CreatedOnToolsVersion = 11.5;
						LastSwiftMigration = 1150;
					};
					24FEB3C424C3037F003A96A9 = {
						CreatedOnToolsVersion = 11.5;
						TestTargetID = 2419EDF324C0EEC900BF0174;
					};
				};
			};
			buildConfigurationList = 2419EDEF24C0EEC900BF0174 /* Build configuration list for PBXProject "DecadeOfMovies" */;
			compatibilityVersion = "Xcode 9.3";
			developmentRegion = en;
			hasScannedForEncodings = 0;
			knownRegions = (
				en,
				Base,
			);
			mainGroup = 2419EDEB24C0EEC900BF0174;
			productRefGroup = 2419EDF524C0EEC900BF0174 /* Products */;
			projectDirPath = "";
			projectRoot = "";
			targets = (
				2419EDF324C0EEC900BF0174 /* DecadeOfMovies */,
				2419EE0C24C0EECB00BF0174 /* DecadeOfMoviesTests */,
				24FEB3C424C3037F003A96A9 /* DecadeOfMoviesUITests */,
			);
		};
/* End PBXProject section */

/* Begin PBXResourcesBuildPhase section */
		2419EDF224C0EEC900BF0174 /* Resources */ = {
			isa = PBXResourcesBuildPhase;
			buildActionMask = 2147483647;
			files = (
				24A43A4F24C2DA4300B26DEF /* movies.json in Resources */,
				2419EE0724C0EECB00BF0174 /* LaunchScreen.storyboard in Resources */,
				2419EE0424C0EECB00BF0174 /* Assets.xcassets in Resources */,
			);
			runOnlyForDeploymentPostprocessing = 0;
		};
		2419EE0B24C0EECB00BF0174 /* Resources */ = {
			isa = PBXResourcesBuildPhase;
			buildActionMask = 2147483647;
			files = (
				24CE5B0524C2F1FC00DFB59F /* movies.json in Resources */,
			);
			runOnlyForDeploymentPostprocessing = 0;
		};
		24FEB3C324C3037F003A96A9 /* Resources */ = {
			isa = PBXResourcesBuildPhase;
			buildActionMask = 2147483647;
			files = (
			);
			runOnlyForDeploymentPostprocessing = 0;
		};
/* End PBXResourcesBuildPhase section */

/* Begin PBXSourcesBuildPhase section */
		2419EDF024C0EEC900BF0174 /* Sources */ = {
			isa = PBXSourcesBuildPhase;
			buildActionMask = 2147483647;
			files = (
				24A43A5124C2DA5E00B26DEF /* MoviesTableViewController.swift in Sources */,
				2475E01824C30E45007137DC /* UIViewController+Alerts.swift in Sources */,
				2419EDFC24C0EEC900BF0174 /* EmptyViewController.swift in Sources */,
				24984C3A24C2DEA40046B7A5 /* Movie.swift in Sources */,
				2419EE2C24C0F1F100BF0174 /* UIWindow+Setup.swift in Sources */,
				2419EE2F24C0F72B00BF0174 /* MasterDetailViewController.swift in Sources */,
				24A43A5424C2DA9A00B26DEF /* MoviesStore.swift in Sources */,
				2475E01F24C328CA007137DC /* LegacyLayoutGuide.swift in Sources */,
				2419EE0224C0EEC900BF0174 /* DecadeOfMovies.xcdatamodeld in Sources */,
				2475E01C24C32550007137DC /* MovieView.swift in Sources */,
				2475E02124C32D0B007137DC /* TextsTableViewController.swift in Sources */,
				24CE5B0724C2FA6600DFB59F /* MoviesStoreError.swift in Sources */,
				2419EDF824C0EEC900BF0174 /* AppDelegate.swift in Sources */,
				2419EDFA24C0EEC900BF0174 /* SceneDelegate.swift in Sources */,
				2475E01A24C32544007137DC /* MovieViewController.swift in Sources */,
			);
			runOnlyForDeploymentPostprocessing = 0;
		};
		2419EE0924C0EECB00BF0174 /* Sources */ = {
			isa = PBXSourcesBuildPhase;
			buildActionMask = 2147483647;
			files = (
				24984C4024C2EA7A0046B7A5 /* MoviesStore+TestHelpers.swift in Sources */,
				24CE5B0824C2FAF200DFB59F /* MoviesStoreError.swift in Sources */,
				24CE5B0324C2F1C500DFB59F /* DecadeOfMovies.xcdatamodeld in Sources */,
				24984C3D24C2E6760046B7A5 /* MoviesStoreTests.swift in Sources */,
				24CE5B0224C2F1C000DFB59F /* MoviesStore.swift in Sources */,
				24CE5B0424C2F1DF00DFB59F /* Movie.swift in Sources */,
			);
			runOnlyForDeploymentPostprocessing = 0;
		};
		24FEB3C124C3037F003A96A9 /* Sources */ = {
			isa = PBXSourcesBuildPhase;
			buildActionMask = 2147483647;
			files = (
				24FEB3C824C3037F003A96A9 /* DecadeOfMoviesUITests.swift in Sources */,
			);
			runOnlyForDeploymentPostprocessing = 0;
		};
/* End PBXSourcesBuildPhase section */

/* Begin PBXTargetDependency section */
		24FEB3CB24C3037F003A96A9 /* PBXTargetDependency */ = {
			isa = PBXTargetDependency;
			target = 2419EDF324C0EEC900BF0174 /* DecadeOfMovies */;
			targetProxy = 24FEB3CA24C3037F003A96A9 /* PBXContainerItemProxy */;
		};
/* End PBXTargetDependency section */

/* Begin PBXVariantGroup section */
		2419EE0524C0EECB00BF0174 /* LaunchScreen.storyboard */ = {
			isa = PBXVariantGroup;
			children = (
				2419EE0624C0EECB00BF0174 /* Base */,
			);
			name = LaunchScreen.storyboard;
			sourceTree = "<group>";
		};
/* End PBXVariantGroup section */

/* Begin XCBuildConfiguration section */
		2419EE1F24C0EECB00BF0174 /* Debug */ = {
			isa = XCBuildConfiguration;
			buildSettings = {
				ALWAYS_SEARCH_USER_PATHS = NO;
				CLANG_ANALYZER_NONNULL = YES;
				CLANG_ANALYZER_NUMBER_OBJECT_CONVERSION = YES_AGGRESSIVE;
				CLANG_CXX_LANGUAGE_STANDARD = "gnu++14";
				CLANG_CXX_LIBRARY = "libc++";
				CLANG_ENABLE_MODULES = YES;
				CLANG_ENABLE_OBJC_ARC = YES;
				CLANG_ENABLE_OBJC_WEAK = YES;
				CLANG_WARN_BLOCK_CAPTURE_AUTORELEASING = YES;
				CLANG_WARN_BOOL_CONVERSION = YES;
				CLANG_WARN_COMMA = YES;
				CLANG_WARN_CONSTANT_CONVERSION = YES;
				CLANG_WARN_DEPRECATED_OBJC_IMPLEMENTATIONS = YES;
				CLANG_WARN_DIRECT_OBJC_ISA_USAGE = YES_ERROR;
				CLANG_WARN_DOCUMENTATION_COMMENTS = YES;
				CLANG_WARN_EMPTY_BODY = YES;
				CLANG_WARN_ENUM_CONVERSION = YES;
				CLANG_WARN_INFINITE_RECURSION = YES;
				CLANG_WARN_INT_CONVERSION = YES;
				CLANG_WARN_NON_LITERAL_NULL_CONVERSION = YES;
				CLANG_WARN_OBJC_IMPLICIT_RETAIN_SELF = YES;
				CLANG_WARN_OBJC_LITERAL_CONVERSION = YES;
				CLANG_WARN_OBJC_ROOT_CLASS = YES_ERROR;
				CLANG_WARN_RANGE_LOOP_ANALYSIS = YES;
				CLANG_WARN_STRICT_PROTOTYPES = YES;
				CLANG_WARN_SUSPICIOUS_MOVE = YES;
				CLANG_WARN_UNGUARDED_AVAILABILITY = YES_AGGRESSIVE;
				CLANG_WARN_UNREACHABLE_CODE = YES;
				CLANG_WARN__DUPLICATE_METHOD_MATCH = YES;
				COPY_PHASE_STRIP = NO;
				DEBUG_INFORMATION_FORMAT = dwarf;
				ENABLE_STRICT_OBJC_MSGSEND = YES;
				ENABLE_TESTABILITY = YES;
				GCC_C_LANGUAGE_STANDARD = gnu11;
				GCC_DYNAMIC_NO_PIC = NO;
				GCC_NO_COMMON_BLOCKS = YES;
				GCC_OPTIMIZATION_LEVEL = 0;
				GCC_PREPROCESSOR_DEFINITIONS = (
					"DEBUG=1",
					"$(inherited)",
				);
				GCC_WARN_64_TO_32_BIT_CONVERSION = YES;
				GCC_WARN_ABOUT_RETURN_TYPE = YES_ERROR;
				GCC_WARN_UNDECLARED_SELECTOR = YES;
				GCC_WARN_UNINITIALIZED_AUTOS = YES_AGGRESSIVE;
				GCC_WARN_UNUSED_FUNCTION = YES;
				GCC_WARN_UNUSED_VARIABLE = YES;
				IPHONEOS_DEPLOYMENT_TARGET = 13.5;
				MTL_ENABLE_DEBUG_INFO = INCLUDE_SOURCE;
				MTL_FAST_MATH = YES;
				ONLY_ACTIVE_ARCH = YES;
				SDKROOT = iphoneos;
				SWIFT_ACTIVE_COMPILATION_CONDITIONS = DEBUG;
				SWIFT_OPTIMIZATION_LEVEL = "-Onone";
			};
			name = Debug;
		};
		2419EE2024C0EECB00BF0174 /* Release */ = {
			isa = XCBuildConfiguration;
			buildSettings = {
				ALWAYS_SEARCH_USER_PATHS = NO;
				CLANG_ANALYZER_NONNULL = YES;
				CLANG_ANALYZER_NUMBER_OBJECT_CONVERSION = YES_AGGRESSIVE;
				CLANG_CXX_LANGUAGE_STANDARD = "gnu++14";
				CLANG_CXX_LIBRARY = "libc++";
				CLANG_ENABLE_MODULES = YES;
				CLANG_ENABLE_OBJC_ARC = YES;
				CLANG_ENABLE_OBJC_WEAK = YES;
				CLANG_WARN_BLOCK_CAPTURE_AUTORELEASING = YES;
				CLANG_WARN_BOOL_CONVERSION = YES;
				CLANG_WARN_COMMA = YES;
				CLANG_WARN_CONSTANT_CONVERSION = YES;
				CLANG_WARN_DEPRECATED_OBJC_IMPLEMENTATIONS = YES;
				CLANG_WARN_DIRECT_OBJC_ISA_USAGE = YES_ERROR;
				CLANG_WARN_DOCUMENTATION_COMMENTS = YES;
				CLANG_WARN_EMPTY_BODY = YES;
				CLANG_WARN_ENUM_CONVERSION = YES;
				CLANG_WARN_INFINITE_RECURSION = YES;
				CLANG_WARN_INT_CONVERSION = YES;
				CLANG_WARN_NON_LITERAL_NULL_CONVERSION = YES;
				CLANG_WARN_OBJC_IMPLICIT_RETAIN_SELF = YES;
				CLANG_WARN_OBJC_LITERAL_CONVERSION = YES;
				CLANG_WARN_OBJC_ROOT_CLASS = YES_ERROR;
				CLANG_WARN_RANGE_LOOP_ANALYSIS = YES;
				CLANG_WARN_STRICT_PROTOTYPES = YES;
				CLANG_WARN_SUSPICIOUS_MOVE = YES;
				CLANG_WARN_UNGUARDED_AVAILABILITY = YES_AGGRESSIVE;
				CLANG_WARN_UNREACHABLE_CODE = YES;
				CLANG_WARN__DUPLICATE_METHOD_MATCH = YES;
				COPY_PHASE_STRIP = NO;
				DEBUG_INFORMATION_FORMAT = "dwarf-with-dsym";
				ENABLE_NS_ASSERTIONS = NO;
				ENABLE_STRICT_OBJC_MSGSEND = YES;
				GCC_C_LANGUAGE_STANDARD = gnu11;
				GCC_NO_COMMON_BLOCKS = YES;
				GCC_WARN_64_TO_32_BIT_CONVERSION = YES;
				GCC_WARN_ABOUT_RETURN_TYPE = YES_ERROR;
				GCC_WARN_UNDECLARED_SELECTOR = YES;
				GCC_WARN_UNINITIALIZED_AUTOS = YES_AGGRESSIVE;
				GCC_WARN_UNUSED_FUNCTION = YES;
				GCC_WARN_UNUSED_VARIABLE = YES;
				IPHONEOS_DEPLOYMENT_TARGET = 13.5;
				MTL_ENABLE_DEBUG_INFO = NO;
				MTL_FAST_MATH = YES;
				SDKROOT = iphoneos;
				SWIFT_COMPILATION_MODE = wholemodule;
				SWIFT_OPTIMIZATION_LEVEL = "-O";
				VALIDATE_PRODUCT = YES;
			};
			name = Release;
		};
		2419EE2224C0EECB00BF0174 /* Debug */ = {
			isa = XCBuildConfiguration;
			buildSettings = {
				ASSETCATALOG_COMPILER_APPICON_NAME = AppIcon;
				CODE_SIGN_STYLE = Automatic;
				DEVELOPMENT_TEAM = 58YRQ26G93;
				INFOPLIST_FILE = DecadeOfMovies/Info.plist;
				IPHONEOS_DEPLOYMENT_TARGET = 10.0;
				LD_RUNPATH_SEARCH_PATHS = (
					"$(inherited)",
					"@executable_path/Frameworks",
				);
				PRODUCT_BUNDLE_IDENTIFIER = com.yousefhamza.DecadeOfMovies;
				PRODUCT_NAME = "$(TARGET_NAME)";
				SWIFT_VERSION = 5.0;
				TARGETED_DEVICE_FAMILY = "1,2";
			};
			name = Debug;
		};
		2419EE2324C0EECB00BF0174 /* Release */ = {
			isa = XCBuildConfiguration;
			buildSettings = {
				ASSETCATALOG_COMPILER_APPICON_NAME = AppIcon;
				CODE_SIGN_STYLE = Automatic;
				DEVELOPMENT_TEAM = 58YRQ26G93;
				INFOPLIST_FILE = DecadeOfMovies/Info.plist;
				IPHONEOS_DEPLOYMENT_TARGET = 10.0;
				LD_RUNPATH_SEARCH_PATHS = (
					"$(inherited)",
					"@executable_path/Frameworks",
				);
				PRODUCT_BUNDLE_IDENTIFIER = com.yousefhamza.DecadeOfMovies;
				PRODUCT_NAME = "$(TARGET_NAME)";
				SWIFT_VERSION = 5.0;
				TARGETED_DEVICE_FAMILY = "1,2";
			};
			name = Release;
		};
		2419EE2524C0EECB00BF0174 /* Debug */ = {
			isa = XCBuildConfiguration;
			buildSettings = {
				ALWAYS_EMBED_SWIFT_STANDARD_LIBRARIES = YES;
				CLANG_ENABLE_MODULES = YES;
				CODE_SIGN_STYLE = Automatic;
				DEVELOPMENT_TEAM = 58YRQ26G93;
				INFOPLIST_FILE = DecadeOfMoviesTests/Info.plist;
				IPHONEOS_DEPLOYMENT_TARGET = 13.5;
				LD_RUNPATH_SEARCH_PATHS = (
					"$(inherited)",
					"@executable_path/Frameworks",
					"@loader_path/Frameworks",
				);
				PRODUCT_BUNDLE_IDENTIFIER = com.yousefhamza.DecadeOfMoviesTests;
				PRODUCT_NAME = "$(TARGET_NAME)";
				SWIFT_OBJC_BRIDGING_HEADER = "DecadeOfMoviesTests/DecadeOfMoviesTests-Bridging-Header.h";
				SWIFT_OPTIMIZATION_LEVEL = "-Onone";
				SWIFT_VERSION = 5.0;
				TARGETED_DEVICE_FAMILY = "1,2";
			};
			name = Debug;
		};
		2419EE2624C0EECB00BF0174 /* Release */ = {
			isa = XCBuildConfiguration;
			buildSettings = {
				ALWAYS_EMBED_SWIFT_STANDARD_LIBRARIES = YES;
				CLANG_ENABLE_MODULES = YES;
				CODE_SIGN_STYLE = Automatic;
				DEVELOPMENT_TEAM = 58YRQ26G93;
				INFOPLIST_FILE = DecadeOfMoviesTests/Info.plist;
				IPHONEOS_DEPLOYMENT_TARGET = 13.5;
				LD_RUNPATH_SEARCH_PATHS = (
					"$(inherited)",
					"@executable_path/Frameworks",
					"@loader_path/Frameworks",
				);
				PRODUCT_BUNDLE_IDENTIFIER = com.yousefhamza.DecadeOfMoviesTests;
				PRODUCT_NAME = "$(TARGET_NAME)";
				SWIFT_OBJC_BRIDGING_HEADER = "DecadeOfMoviesTests/DecadeOfMoviesTests-Bridging-Header.h";
				SWIFT_VERSION = 5.0;
				TARGETED_DEVICE_FAMILY = "1,2";
			};
			name = Release;
		};
		24FEB3CD24C3037F003A96A9 /* Debug */ = {
			isa = XCBuildConfiguration;
			buildSettings = {
				CODE_SIGN_STYLE = Automatic;
				DEVELOPMENT_TEAM = 58YRQ26G93;
				INFOPLIST_FILE = DecadeOfMoviesUITests/Info.plist;
				LD_RUNPATH_SEARCH_PATHS = (
					"$(inherited)",
					"@executable_path/Frameworks",
					"@loader_path/Frameworks",
				);
				PRODUCT_BUNDLE_IDENTIFIER = com.yousefhamza.DecadeOfMoviesUITests;
				PRODUCT_NAME = "$(TARGET_NAME)";
				SWIFT_VERSION = 5.0;
				TARGETED_DEVICE_FAMILY = "1,2";
				TEST_TARGET_NAME = DecadeOfMovies;
			};
			name = Debug;
		};
		24FEB3CE24C3037F003A96A9 /* Release */ = {
			isa = XCBuildConfiguration;
			buildSettings = {
				CODE_SIGN_STYLE = Automatic;
				DEVELOPMENT_TEAM = 58YRQ26G93;
				INFOPLIST_FILE = DecadeOfMoviesUITests/Info.plist;
				LD_RUNPATH_SEARCH_PATHS = (
					"$(inherited)",
					"@executable_path/Frameworks",
					"@loader_path/Frameworks",
				);
				PRODUCT_BUNDLE_IDENTIFIER = com.yousefhamza.DecadeOfMoviesUITests;
				PRODUCT_NAME = "$(TARGET_NAME)";
				SWIFT_VERSION = 5.0;
				TARGETED_DEVICE_FAMILY = "1,2";
				TEST_TARGET_NAME = DecadeOfMovies;
			};
			name = Release;
		};
/* End XCBuildConfiguration section */

/* Begin XCConfigurationList section */
		2419EDEF24C0EEC900BF0174 /* Build configuration list for PBXProject "DecadeOfMovies" */ = {
			isa = XCConfigurationList;
			buildConfigurations = (
				2419EE1F24C0EECB00BF0174 /* Debug */,
				2419EE2024C0EECB00BF0174 /* Release */,
			);
			defaultConfigurationIsVisible = 0;
			defaultConfigurationName = Release;
		};
		2419EE2124C0EECB00BF0174 /* Build configuration list for PBXNativeTarget "DecadeOfMovies" */ = {
			isa = XCConfigurationList;
			buildConfigurations = (
				2419EE2224C0EECB00BF0174 /* Debug */,
				2419EE2324C0EECB00BF0174 /* Release */,
			);
			defaultConfigurationIsVisible = 0;
			defaultConfigurationName = Release;
		};
		2419EE2424C0EECB00BF0174 /* Build configuration list for PBXNativeTarget "DecadeOfMoviesTests" */ = {
			isa = XCConfigurationList;
			buildConfigurations = (
				2419EE2524C0EECB00BF0174 /* Debug */,
				2419EE2624C0EECB00BF0174 /* Release */,
			);
			defaultConfigurationIsVisible = 0;
			defaultConfigurationName = Release;
		};
		24FEB3CC24C3037F003A96A9 /* Build configuration list for PBXNativeTarget "DecadeOfMoviesUITests" */ = {
			isa = XCConfigurationList;
			buildConfigurations = (
				24FEB3CD24C3037F003A96A9 /* Debug */,
				24FEB3CE24C3037F003A96A9 /* Release */,
			);
			defaultConfigurationIsVisible = 0;
			defaultConfigurationName = Release;
		};
/* End XCConfigurationList section */

/* Begin XCVersionGroup section */
		2419EE0024C0EEC900BF0174 /* DecadeOfMovies.xcdatamodeld */ = {
			isa = XCVersionGroup;
			children = (
				2419EE0124C0EEC900BF0174 /* DecadeOfMovies.xcdatamodel */,
			);
			currentVersion = 2419EE0124C0EEC900BF0174 /* DecadeOfMovies.xcdatamodel */;
			path = DecadeOfMovies.xcdatamodeld;
			sourceTree = "<group>";
			versionGroupType = wrapper.xcdatamodel;
		};
/* End XCVersionGroup section */
	};
	rootObject = 2419EDEC24C0EEC900BF0174 /* Project object */;
}
